<?xml version="1.0" encoding="utf-8"?>
<Project ToolsVersion="4.0" xmlns="http://schemas.microsoft.com/developer/msbuild/2003">
  <ItemGroup>
    <Filter Include="Source Files">
      <UniqueIdentifier>{4FC737F1-C7A5-4376-A066-2A32D752A2FF}</UniqueIdentifier>
      <Extensions>cpp;c;cc;cxx;def;odl;idl;hpj;bat;asm;asmx</Extensions>
    </Filter>
    <Filter Include="Header Files">
      <UniqueIdentifier>{93995380-89BD-4b04-88EB-625FBE52EBFB}</UniqueIdentifier>
      <Extensions>h;hh;hpp;hxx;hm;inl;inc;ipp;xsd</Extensions>
    </Filter>
    <Filter Include="Resource Files">
      <UniqueIdentifier>{67DA6AB6-F800-4c08-8B7A-83BB121AAD01}</UniqueIdentifier>
      <Extensions>rc;ico;cur;bmp;dlg;rc2;rct;bin;rgs;gif;jpg;jpeg;jpe;resx;tiff;tif;png;wav;mfcribbon-ms</Extensions>
    </Filter>
    <Filter Include="Resource Files\Shaders">
      <UniqueIdentifier>{b999391f-4ca5-4d58-909d-ea30d260ec30}</UniqueIdentifier>
    </Filter>
    <Filter Include="Resource Files\Textures">
      <UniqueIdentifier>{2521a536-15d3-4808-b560-a79e133bc90b}</UniqueIdentifier>
    </Filter>
  </ItemGroup>
  <ItemGroup>
    <ClCompile Include="Program.cpp">
      <Filter>Source Files</Filter>
    </ClCompile>
    <ClCompile Include="Shader.cpp">
      <Filter>Source Files</Filter>
    </ClCompile>
    <ClCompile Include="stb_image.cpp">
      <Filter>Source Files</Filter>
    </ClCompile>
    <ClCompile Include="Texture.cpp">
      <Filter>Source Files</Filter>
    </ClCompile>
    <ClCompile Include="Window.cpp">
      <Filter>Source Files</Filter>
    </ClCompile>
    <ClCompile Include="glad.c">
      <Filter>Source Files</Filter>
    </ClCompile>
    <ClCompile Include="Plot.cpp">
      <Filter>Source Files</Filter>
    </ClCompile>
  </ItemGroup>
  <ItemGroup>
    <ClInclude Include="Shader.h">
      <Filter>Header Files</Filter>
    </ClInclude>
    <ClInclude Include="stb_image.h">
      <Filter>Header Files</Filter>
    </ClInclude>
    <ClInclude Include="Texture.h">
      <Filter>Header Files</Filter>
    </ClInclude>
    <ClInclude Include="Window.h">
      <Filter>Header Files</Filter>
    </ClInclude>
    <ClInclude Include="Plot.h">
      <Filter>Header Files</Filter>
    </ClInclude>
  </ItemGroup>
  <ItemGroup>
    <Image Include="..\..\..\..\Documents\Visual Studio 2019\My Exported Templates\Base GLFW Project\Textures\awesomeface.png">
      <Filter>Resource Files\Textures</Filter>
    </Image>
    <Image Include="..\..\..\..\Documents\Visual Studio 2019\My Exported Templates\Base GLFW Project\Textures\checker.png">
      <Filter>Resource Files\Textures</Filter>
    </Image>
    <Image Include="..\..\..\..\Documents\Visual Studio 2019\My Exported Templates\Base GLFW Project\Textures\container.jpg">
      <Filter>Resource Files\Textures</Filter>
    </Image>
    <Image Include="..\..\..\..\Documents\Visual Studio 2019\My Exported Templates\Base GLFW Project\Textures\container_diffuse.png">
      <Filter>Resource Files\Textures</Filter>
    </Image>
    <Image Include="..\..\..\..\Documents\Visual Studio 2019\My Exported Templates\Base GLFW Project\Textures\container_specular.png">
      <Filter>Resource Files\Textures</Filter>
    </Image>
    <Image Include="..\..\..\..\Documents\Visual Studio 2019\My Exported Templates\Base GLFW Project\Textures\earth_diffuse.jpg">
      <Filter>Resource Files\Textures</Filter>
    </Image>
    <Image Include="..\..\..\..\Documents\Visual Studio 2019\My Exported Templates\Base GLFW Project\Textures\earth_specular.jpg">
      <Filter>Resource Files\Textures</Filter>
    </Image>
    <Image Include="..\..\..\..\Documents\Visual Studio 2019\My Exported Templates\Base GLFW Project\Textures\fractal.jpg">
      <Filter>Resource Files\Textures</Filter>
    </Image>
    <Image Include="..\..\..\..\Documents\Visual Studio 2019\My Exported Templates\Base GLFW Project\Textures\outer_space.jpg">
      <Filter>Resource Files\Textures</Filter>
    </Image>
    <Image Include="..\..\..\..\Documents\Visual Studio 2019\My Exported Templates\Base GLFW Project\Textures\space.jpg">
      <Filter>Resource Files\Textures</Filter>
    </Image>
    <Image Include="..\..\..\..\Documents\Visual Studio 2019\My Exported Templates\Base GLFW Project\Textures\stars_high_res.jpg">
      <Filter>Resource Files\Textures</Filter>
    </Image>
    <Image Include="..\..\..\..\Documents\Visual Studio 2019\My Exported Templates\Base GLFW Project\Textures\stars_high_res_contrast.jpg">
      <Filter>Resource Files\Textures</Filter>
    </Image>
    <Image Include="..\..\..\..\Documents\Visual Studio 2019\My Exported Templates\Base GLFW Project\Textures\wall.jpg">
      <Filter>Resource Files\Textures</Filter>
    </Image>
    <Image Include="..\..\..\..\Documents\Visual Studio 2019\My Exported Templates\Base GLFW Project\Textures\zoom.jpg">
      <Filter>Resource Files\Textures</Filter>
    </Image>
    <Image Include="..\..\..\..\Documents\Visual Studio 2019\My Exported Templates\Base GLFW Project\Textures\zoom2.jpg">
      <Filter>Resource Files\Textures</Filter>
    </Image>
    <Image Include="..\..\..\..\Documents\Visual Studio 2019\My Exported Templates\Base GLFW Project\Textures\zoom3.jpg">
      <Filter>Resource Files\Textures</Filter>
    </Image>
    <Image Include="..\..\..\..\Documents\Visual Studio 2019\My Exported Templates\Base GLFW Project\Textures\zoom4.png">
      <Filter>Resource Files\Textures</Filter>
    </Image>
    <Image Include="..\..\..\..\Documents\Visual Studio 2019\My Exported Templates\Base GLFW Project\Textures\zoom5.png">
      <Filter>Resource Files\Textures</Filter>
    </Image>
  </ItemGroup>
  <ItemGroup>
    <None Include="Shaders\axis.frag">
      <Filter>Resource Files\Shaders</Filter>
    </None>
    <None Include="Shaders\axis.vert">
      <Filter>Resource Files\Shaders</Filter>
    </None>
    <None Include="Shaders\basic.frag">
      <Filter>Resource Files\Shaders</Filter>
    </None>
    <None Include="Shaders\basic.vert">
      <Filter>Resource Files\Shaders</Filter>
    </None>
    <None Include="Shaders\lamp.frag">
      <Filter>Resource Files\Shaders</Filter>
    </None>
    <None Include="Shaders\lamp.vert">
      <Filter>Resource Files\Shaders</Filter>
    </None>
    <None Include="Shaders\skybox.frag">
      <Filter>Resource Files\Shaders</Filter>
    </None>
    <None Include="Shaders\skybox.vert">
      <Filter>Resource Files\Shaders</Filter>
    </None>
    <None Include="Shaders\julia.frag">
      <Filter>Resource Files\Shaders</Filter>
    </None>
    <None Include="Shaders\fractal_plane.vert">
      <Filter>Resource Files\Shaders</Filter>
    </None>
    <None Include="Shaders\mandelbrot.frag">
      <Filter>Resource Files\Shaders</Filter>
    </None>
    <None Include="Shaders\double test.frag">
      <Filter>Resource Files\Shaders</Filter>
    </None>
  </ItemGroup>
</Project>